{
  "requires": true,
  "lockfileVersion": 1,
  "dependencies": {
    "@creativecommons/vue-vocabulary": {
      "version": "0.0.0-alpha.30",
      "resolved": "https://registry.npmjs.org/@creativecommons/vue-vocabulary/-/vue-vocabulary-0.0.0-alpha.30.tgz",
      "integrity": "sha512-G7qp2SgsWMIargkxUDM0JvYPnUhDepMmnnP1OrrQCrEK6s+80a1A9UY2ZZCdQxgYfQZTchjnTzQTwkPLvyq8qg=="
    }
  }
}
